// !$*UTF8*$!
{
	archiveVersion = 1;
	classes = {
	};
	objectVersion = 56;
	objects = {

/* Begin PBXBuildFile section */
		20CD3A0D6FB1FC3D92740A56 /* Pods_Inbok.framework in Frameworks */ = {isa = PBXBuildFile; fileRef = 167108FF6B8314DE326E84AA /* Pods_Inbok.framework */; };
		22CADBA184952085A2D8EC1B /* Pods_Inbok_InbokUITests.framework in Frameworks */ = {isa = PBXBuildFile; fileRef = 998397FFBF6073FFA581B62F /* Pods_Inbok_InbokUITests.framework */; };
		8BF31C081B1D5C2668FF94E0 /* Pods_InbokTests.framework in Frameworks */ = {isa = PBXBuildFile; fileRef = 3A735F82E781145E0FCFAFA2 /* Pods_InbokTests.framework */; };
		E910B6BB2952D91600F2F511 /* AppDelegate.swift in Sources */ = {isa = PBXBuildFile; fileRef = E910B6BA2952D91600F2F511 /* AppDelegate.swift */; };
		E910B6BD2952D91600F2F511 /* SceneDelegate.swift in Sources */ = {isa = PBXBuildFile; fileRef = E910B6BC2952D91600F2F511 /* SceneDelegate.swift */; };
		E910B6C42952D91800F2F511 /* Assets.xcassets in Resources */ = {isa = PBXBuildFile; fileRef = E910B6C32952D91800F2F511 /* Assets.xcassets */; };
		E910B6C72952D91800F2F511 /* LaunchScreen.storyboard in Resources */ = {isa = PBXBuildFile; fileRef = E910B6C52952D91800F2F511 /* LaunchScreen.storyboard */; };
		E910B6D22952D91800F2F511 /* InbokTests.swift in Sources */ = {isa = PBXBuildFile; fileRef = E910B6D12952D91800F2F511 /* InbokTests.swift */; };
		E910B6DC2952D91800F2F511 /* InbokUITests.swift in Sources */ = {isa = PBXBuildFile; fileRef = E910B6DB2952D91800F2F511 /* InbokUITests.swift */; };
		E910B6DE2952D91800F2F511 /* InbokUITestsLaunchTests.swift in Sources */ = {isa = PBXBuildFile; fileRef = E910B6DD2952D91800F2F511 /* InbokUITestsLaunchTests.swift */; };
		E910B6EE295444C900F2F511 /* ViewModel.swift in Sources */ = {isa = PBXBuildFile; fileRef = E910B6ED295444C900F2F511 /* ViewModel.swift */; };
		E910B6F0295444DB00F2F511 /* Model.swift in Sources */ = {isa = PBXBuildFile; fileRef = E910B6EF295444DB00F2F511 /* Model.swift */; };
		E910B6F32954451000F2F511 /* help_view.swift in Sources */ = {isa = PBXBuildFile; fileRef = E910B6F22954451000F2F511 /* help_view.swift */; };
		E910B6F52955D49900F2F511 /* SeoulHangangM.ttf in Resources */ = {isa = PBXBuildFile; fileRef = E910B6F42955D49800F2F511 /* SeoulHangangM.ttf */; };
		E912505529842FDA001E2EFF /* talk_ViewController.swift in Sources */ = {isa = PBXBuildFile; fileRef = E912505429842FDA001E2EFF /* talk_ViewController.swift */; };
		E91250572984313A001E2EFF /* help_ViewController.swift in Sources */ = {isa = PBXBuildFile; fileRef = E91250562984313A001E2EFF /* help_ViewController.swift */; };
		E912505B29962BA2001E2EFF /* help.png in Resources */ = {isa = PBXBuildFile; fileRef = E912505A29962BA2001E2EFF /* help.png */; };
		E926873029DD66AD00FE8288 /* kakao_login_large_wide.png in Resources */ = {isa = PBXBuildFile; fileRef = E926872F29DD66AD00FE8288 /* kakao_login_large_wide.png */; };
		E94EB843296FFC6D00150425 /* edit_document.png in Resources */ = {isa = PBXBuildFile; fileRef = E94EB842296FFC6D00150425 /* edit_document.png */; };
		E957C48329CA26780036A30E /* talk_view.swift in Sources */ = {isa = PBXBuildFile; fileRef = E957C48229CA26780036A30E /* talk_view.swift */; };
		E97C4B472A2C274C0017076F /* login_ViewController.swift in Sources */ = {isa = PBXBuildFile; fileRef = E97C4B462A2C274C0017076F /* login_ViewController.swift */; };
		E9CAA21229A75E4C00E0827E /* TabBar_ViewController.swift in Sources */ = {isa = PBXBuildFile; fileRef = E9CAA21129A75E4C00E0827E /* TabBar_ViewController.swift */; };
/* End PBXBuildFile section */

/* Begin PBXContainerItemProxy section */
		E910B6CE2952D91800F2F511 /* PBXContainerItemProxy */ = {
			isa = PBXContainerItemProxy;
			containerPortal = E910B6AF2952D91600F2F511 /* Project object */;
			proxyType = 1;
			remoteGlobalIDString = E910B6B62952D91600F2F511;
			remoteInfo = Inbok;
		};
		E910B6D82952D91800F2F511 /* PBXContainerItemProxy */ = {
			isa = PBXContainerItemProxy;
			containerPortal = E910B6AF2952D91600F2F511 /* Project object */;
			proxyType = 1;
			remoteGlobalIDString = E910B6B62952D91600F2F511;
			remoteInfo = Inbok;
		};
/* End PBXContainerItemProxy section */

/* Begin PBXFileReference section */
		02B1736C194D962D3E1EA2AE /* Pods-InbokTests.release.xcconfig */ = {isa = PBXFileReference; includeInIndex = 1; lastKnownFileType = text.xcconfig; name = "Pods-InbokTests.release.xcconfig"; path = "Target Support Files/Pods-InbokTests/Pods-InbokTests.release.xcconfig"; sourceTree = "<group>"; };
		167108FF6B8314DE326E84AA /* Pods_Inbok.framework */ = {isa = PBXFileReference; explicitFileType = wrapper.framework; includeInIndex = 0; path = Pods_Inbok.framework; sourceTree = BUILT_PRODUCTS_DIR; };
		3A735F82E781145E0FCFAFA2 /* Pods_InbokTests.framework */ = {isa = PBXFileReference; explicitFileType = wrapper.framework; includeInIndex = 0; path = Pods_InbokTests.framework; sourceTree = BUILT_PRODUCTS_DIR; };
		42BA768749AFF81C58C91354 /* Pods-Inbok-InbokUITests.release.xcconfig */ = {isa = PBXFileReference; includeInIndex = 1; lastKnownFileType = text.xcconfig; name = "Pods-Inbok-InbokUITests.release.xcconfig"; path = "Target Support Files/Pods-Inbok-InbokUITests/Pods-Inbok-InbokUITests.release.xcconfig"; sourceTree = "<group>"; };
		66D5B780694398317DB3670B /* Pods-Inbok.debug.xcconfig */ = {isa = PBXFileReference; includeInIndex = 1; lastKnownFileType = text.xcconfig; name = "Pods-Inbok.debug.xcconfig"; path = "Target Support Files/Pods-Inbok/Pods-Inbok.debug.xcconfig"; sourceTree = "<group>"; };
		998397FFBF6073FFA581B62F /* Pods_Inbok_InbokUITests.framework */ = {isa = PBXFileReference; explicitFileType = wrapper.framework; includeInIndex = 0; path = Pods_Inbok_InbokUITests.framework; sourceTree = BUILT_PRODUCTS_DIR; };
		C120BDD16DEC62A38CEE38D3 /* Pods-Inbok.release.xcconfig */ = {isa = PBXFileReference; includeInIndex = 1; lastKnownFileType = text.xcconfig; name = "Pods-Inbok.release.xcconfig"; path = "Target Support Files/Pods-Inbok/Pods-Inbok.release.xcconfig"; sourceTree = "<group>"; };
		D19A7F06E6067A7BF74E5CA0 /* Pods-InbokTests.debug.xcconfig */ = {isa = PBXFileReference; includeInIndex = 1; lastKnownFileType = text.xcconfig; name = "Pods-InbokTests.debug.xcconfig"; path = "Target Support Files/Pods-InbokTests/Pods-InbokTests.debug.xcconfig"; sourceTree = "<group>"; };
		E910B6B72952D91600F2F511 /* Inbok.app */ = {isa = PBXFileReference; explicitFileType = wrapper.application; includeInIndex = 0; path = Inbok.app; sourceTree = BUILT_PRODUCTS_DIR; };
		E910B6BA2952D91600F2F511 /* AppDelegate.swift */ = {isa = PBXFileReference; lastKnownFileType = sourcecode.swift; path = AppDelegate.swift; sourceTree = "<group>"; };
		E910B6BC2952D91600F2F511 /* SceneDelegate.swift */ = {isa = PBXFileReference; lastKnownFileType = sourcecode.swift; path = SceneDelegate.swift; sourceTree = "<group>"; };
		E910B6C32952D91800F2F511 /* Assets.xcassets */ = {isa = PBXFileReference; lastKnownFileType = folder.assetcatalog; path = Assets.xcassets; sourceTree = "<group>"; };
		E910B6C62952D91800F2F511 /* Base */ = {isa = PBXFileReference; lastKnownFileType = file.storyboard; name = Base; path = Base.lproj/LaunchScreen.storyboard; sourceTree = "<group>"; };
		E910B6C82952D91800F2F511 /* Info.plist */ = {isa = PBXFileReference; lastKnownFileType = text.plist.xml; path = Info.plist; sourceTree = "<group>"; };
		E910B6CD2952D91800F2F511 /* InbokTests.xctest */ = {isa = PBXFileReference; explicitFileType = wrapper.cfbundle; includeInIndex = 0; path = InbokTests.xctest; sourceTree = BUILT_PRODUCTS_DIR; };
		E910B6D12952D91800F2F511 /* InbokTests.swift */ = {isa = PBXFileReference; lastKnownFileType = sourcecode.swift; path = InbokTests.swift; sourceTree = "<group>"; };
		E910B6D72952D91800F2F511 /* InbokUITests.xctest */ = {isa = PBXFileReference; explicitFileType = wrapper.cfbundle; includeInIndex = 0; path = InbokUITests.xctest; sourceTree = BUILT_PRODUCTS_DIR; };
		E910B6DB2952D91800F2F511 /* InbokUITests.swift */ = {isa = PBXFileReference; lastKnownFileType = sourcecode.swift; path = InbokUITests.swift; sourceTree = "<group>"; };
		E910B6DD2952D91800F2F511 /* InbokUITestsLaunchTests.swift */ = {isa = PBXFileReference; lastKnownFileType = sourcecode.swift; path = InbokUITestsLaunchTests.swift; sourceTree = "<group>"; };
		E910B6ED295444C900F2F511 /* ViewModel.swift */ = {isa = PBXFileReference; lastKnownFileType = sourcecode.swift; path = ViewModel.swift; sourceTree = "<group>"; };
		E910B6EF295444DB00F2F511 /* Model.swift */ = {isa = PBXFileReference; lastKnownFileType = sourcecode.swift; path = Model.swift; sourceTree = "<group>"; };
		E910B6F22954451000F2F511 /* help_view.swift */ = {isa = PBXFileReference; lastKnownFileType = sourcecode.swift; path = help_view.swift; sourceTree = "<group>"; };
		E910B6F42955D49800F2F511 /* SeoulHangangM.ttf */ = {isa = PBXFileReference; lastKnownFileType = file; path = SeoulHangangM.ttf; sourceTree = "<group>"; };
		E912505429842FDA001E2EFF /* talk_ViewController.swift */ = {isa = PBXFileReference; lastKnownFileType = sourcecode.swift; path = talk_ViewController.swift; sourceTree = "<group>"; };
		E91250562984313A001E2EFF /* help_ViewController.swift */ = {isa = PBXFileReference; lastKnownFileType = sourcecode.swift; path = help_ViewController.swift; sourceTree = "<group>"; };
		E912505A29962BA2001E2EFF /* help.png */ = {isa = PBXFileReference; lastKnownFileType = image.png; path = help.png; sourceTree = "<group>"; };
		E926872F29DD66AD00FE8288 /* kakao_login_large_wide.png */ = {isa = PBXFileReference; lastKnownFileType = image.png; path = kakao_login_large_wide.png; sourceTree = "<group>"; };
		E94EB842296FFC6D00150425 /* edit_document.png */ = {isa = PBXFileReference; lastKnownFileType = image.png; path = edit_document.png; sourceTree = "<group>"; };
		E957C48229CA26780036A30E /* talk_view.swift */ = {isa = PBXFileReference; lastKnownFileType = sourcecode.swift; path = talk_view.swift; sourceTree = "<group>"; };
		E97C4B462A2C274C0017076F /* login_ViewController.swift */ = {isa = PBXFileReference; lastKnownFileType = sourcecode.swift; path = login_ViewController.swift; sourceTree = "<group>"; };
		E9CAA21129A75E4C00E0827E /* TabBar_ViewController.swift */ = {isa = PBXFileReference; lastKnownFileType = sourcecode.swift; path = TabBar_ViewController.swift; sourceTree = "<group>"; };
		F29AE3347A7F73350E5F169A /* Pods-Inbok-InbokUITests.debug.xcconfig */ = {isa = PBXFileReference; includeInIndex = 1; lastKnownFileType = text.xcconfig; name = "Pods-Inbok-InbokUITests.debug.xcconfig"; path = "Target Support Files/Pods-Inbok-InbokUITests/Pods-Inbok-InbokUITests.debug.xcconfig"; sourceTree = "<group>"; };
/* End PBXFileReference section */

/* Begin PBXFrameworksBuildPhase section */
		E910B6B42952D91600F2F511 /* Frameworks */ = {
			isa = PBXFrameworksBuildPhase;
			buildActionMask = 2147483647;
			files = (
				20CD3A0D6FB1FC3D92740A56 /* Pods_Inbok.framework in Frameworks */,
			);
			runOnlyForDeploymentPostprocessing = 0;
		};
		E910B6CA2952D91800F2F511 /* Frameworks */ = {
			isa = PBXFrameworksBuildPhase;
			buildActionMask = 2147483647;
			files = (
				8BF31C081B1D5C2668FF94E0 /* Pods_InbokTests.framework in Frameworks */,
			);
			runOnlyForDeploymentPostprocessing = 0;
		};
		E910B6D42952D91800F2F511 /* Frameworks */ = {
			isa = PBXFrameworksBuildPhase;
			buildActionMask = 2147483647;
			files = (
				22CADBA184952085A2D8EC1B /* Pods_Inbok_InbokUITests.framework in Frameworks */,
			);
			runOnlyForDeploymentPostprocessing = 0;
		};
/* End PBXFrameworksBuildPhase section */

/* Begin PBXGroup section */
		6AA346F676238F0369B93FF2 /* Frameworks */ = {
			isa = PBXGroup;
			children = (
				167108FF6B8314DE326E84AA /* Pods_Inbok.framework */,
				998397FFBF6073FFA581B62F /* Pods_Inbok_InbokUITests.framework */,
				3A735F82E781145E0FCFAFA2 /* Pods_InbokTests.framework */,
			);
			name = Frameworks;
			sourceTree = "<group>";
		};
		767699F0C477408716C24A8C /* Pods */ = {
			isa = PBXGroup;
			children = (
				66D5B780694398317DB3670B /* Pods-Inbok.debug.xcconfig */,
				C120BDD16DEC62A38CEE38D3 /* Pods-Inbok.release.xcconfig */,
				F29AE3347A7F73350E5F169A /* Pods-Inbok-InbokUITests.debug.xcconfig */,
				42BA768749AFF81C58C91354 /* Pods-Inbok-InbokUITests.release.xcconfig */,
				D19A7F06E6067A7BF74E5CA0 /* Pods-InbokTests.debug.xcconfig */,
				02B1736C194D962D3E1EA2AE /* Pods-InbokTests.release.xcconfig */,
			);
			path = Pods;
			sourceTree = "<group>";
		};
		E910B6AE2952D91600F2F511 = {
			isa = PBXGroup;
			children = (
				E910B6F42955D49800F2F511 /* SeoulHangangM.ttf */,
				E910B6B92952D91600F2F511 /* Inbok */,
				E910B6D02952D91800F2F511 /* InbokTests */,
				E910B6DA2952D91800F2F511 /* InbokUITests */,
				E910B6B82952D91600F2F511 /* Products */,
				767699F0C477408716C24A8C /* Pods */,
				6AA346F676238F0369B93FF2 /* Frameworks */,
			);
			sourceTree = "<group>";
		};
		E910B6B82952D91600F2F511 /* Products */ = {
			isa = PBXGroup;
			children = (
				E910B6B72952D91600F2F511 /* Inbok.app */,
				E910B6CD2952D91800F2F511 /* InbokTests.xctest */,
				E910B6D72952D91800F2F511 /* InbokUITests.xctest */,
			);
			name = Products;
			sourceTree = "<group>";
		};
		E910B6B92952D91600F2F511 /* Inbok */ = {
			isa = PBXGroup;
			children = (
				E94EB841296FFC3300150425 /* assets */,
				E910B6F1295444F400F2F511 /* View */,
				E910B6EC29530F0A00F2F511 /* ViewController */,
				E910B6EB29530EF600F2F511 /* ViewModel */,
				E910B6EA29530EE700F2F511 /* Model */,
				E910B6BA2952D91600F2F511 /* AppDelegate.swift */,
				E910B6BC2952D91600F2F511 /* SceneDelegate.swift */,
				E910B6C32952D91800F2F511 /* Assets.xcassets */,
				E910B6C82952D91800F2F511 /* Info.plist */,
			);
			path = Inbok;
			sourceTree = "<group>";
		};
		E910B6D02952D91800F2F511 /* InbokTests */ = {
			isa = PBXGroup;
			children = (
				E910B6D12952D91800F2F511 /* InbokTests.swift */,
			);
			path = InbokTests;
			sourceTree = "<group>";
		};
		E910B6DA2952D91800F2F511 /* InbokUITests */ = {
			isa = PBXGroup;
			children = (
				E910B6DB2952D91800F2F511 /* InbokUITests.swift */,
				E910B6DD2952D91800F2F511 /* InbokUITestsLaunchTests.swift */,
			);
			path = InbokUITests;
			sourceTree = "<group>";
		};
		E910B6EA29530EE700F2F511 /* Model */ = {
			isa = PBXGroup;
			children = (
				E910B6EF295444DB00F2F511 /* Model.swift */,
			);
			path = Model;
			sourceTree = "<group>";
		};
		E910B6EB29530EF600F2F511 /* ViewModel */ = {
			isa = PBXGroup;
			children = (
				E910B6ED295444C900F2F511 /* ViewModel.swift */,
			);
			path = ViewModel;
			sourceTree = "<group>";
		};
		E910B6EC29530F0A00F2F511 /* ViewController */ = {
			isa = PBXGroup;
			children = (
				E912505429842FDA001E2EFF /* talk_ViewController.swift */,
				E91250562984313A001E2EFF /* help_ViewController.swift */,
				E9CAA21129A75E4C00E0827E /* TabBar_ViewController.swift */,
				E97C4B462A2C274C0017076F /* login_ViewController.swift */,
			);
			path = ViewController;
			sourceTree = "<group>";
		};
		E910B6F1295444F400F2F511 /* View */ = {
			isa = PBXGroup;
			children = (
				E910B6C52952D91800F2F511 /* LaunchScreen.storyboard */,
				E910B6F22954451000F2F511 /* help_view.swift */,
				E957C48229CA26780036A30E /* talk_view.swift */,
			);
			path = View;
			sourceTree = "<group>";
		};
		E94EB841296FFC3300150425 /* assets */ = {
			isa = PBXGroup;
			children = (
				E926872F29DD66AD00FE8288 /* kakao_login_large_wide.png */,
				E912505A29962BA2001E2EFF /* help.png */,
				E94EB842296FFC6D00150425 /* edit_document.png */,
			);
			path = assets;
			sourceTree = "<group>";
		};
/* End PBXGroup section */

/* Begin PBXNativeTarget section */
		E910B6B62952D91600F2F511 /* Inbok */ = {
			isa = PBXNativeTarget;
			buildConfigurationList = E910B6E12952D91800F2F511 /* Build configuration list for PBXNativeTarget "Inbok" */;
			buildPhases = (
				F604D8E2BFCB1F0C97C88181 /* [CP] Check Pods Manifest.lock */,
				E910B6B32952D91600F2F511 /* Sources */,
				E910B6B42952D91600F2F511 /* Frameworks */,
				E910B6B52952D91600F2F511 /* Resources */,
				E889210F0BFD755BA73230B3 /* [CP] Embed Pods Frameworks */,
			);
			buildRules = (
			);
			dependencies = (
			);
			name = Inbok;
			productName = Inbok;
			productReference = E910B6B72952D91600F2F511 /* Inbok.app */;
			productType = "com.apple.product-type.application";
		};
		E910B6CC2952D91800F2F511 /* InbokTests */ = {
			isa = PBXNativeTarget;
			buildConfigurationList = E910B6E42952D91800F2F511 /* Build configuration list for PBXNativeTarget "InbokTests" */;
			buildPhases = (
				A5B194C1BB225BBB5DD36837 /* [CP] Check Pods Manifest.lock */,
				E910B6C92952D91800F2F511 /* Sources */,
				E910B6CA2952D91800F2F511 /* Frameworks */,
				E910B6CB2952D91800F2F511 /* Resources */,
			);
			buildRules = (
			);
			dependencies = (
				E910B6CF2952D91800F2F511 /* PBXTargetDependency */,
			);
			name = InbokTests;
			productName = InbokTests;
			productReference = E910B6CD2952D91800F2F511 /* InbokTests.xctest */;
			productType = "com.apple.product-type.bundle.unit-test";
		};
		E910B6D62952D91800F2F511 /* InbokUITests */ = {
			isa = PBXNativeTarget;
			buildConfigurationList = E910B6E72952D91800F2F511 /* Build configuration list for PBXNativeTarget "InbokUITests" */;
			buildPhases = (
				2119CD1ABE4464DFEA1A2F2C /* [CP] Check Pods Manifest.lock */,
				E910B6D32952D91800F2F511 /* Sources */,
				E910B6D42952D91800F2F511 /* Frameworks */,
				E910B6D52952D91800F2F511 /* Resources */,
				C400214CDF521B2002CA2745 /* [CP] Embed Pods Frameworks */,
			);
			buildRules = (
			);
			dependencies = (
				E910B6D92952D91800F2F511 /* PBXTargetDependency */,
			);
			name = InbokUITests;
			productName = InbokUITests;
			productReference = E910B6D72952D91800F2F511 /* InbokUITests.xctest */;
			productType = "com.apple.product-type.bundle.ui-testing";
		};
/* End PBXNativeTarget section */

/* Begin PBXProject section */
		E910B6AF2952D91600F2F511 /* Project object */ = {
			isa = PBXProject;
			attributes = {
				BuildIndependentTargetsInParallel = 1;
				LastSwiftUpdateCheck = 1420;
				LastUpgradeCheck = 1420;
				TargetAttributes = {
					E910B6B62952D91600F2F511 = {
						CreatedOnToolsVersion = 14.2;
					};
					E910B6CC2952D91800F2F511 = {
						CreatedOnToolsVersion = 14.2;
						TestTargetID = E910B6B62952D91600F2F511;
					};
					E910B6D62952D91800F2F511 = {
						CreatedOnToolsVersion = 14.2;
						TestTargetID = E910B6B62952D91600F2F511;
					};
				};
			};
			buildConfigurationList = E910B6B22952D91600F2F511 /* Build configuration list for PBXProject "Inbok" */;
			compatibilityVersion = "Xcode 14.0";
			developmentRegion = en;
			hasScannedForEncodings = 0;
			knownRegions = (
				en,
				Base,
			);
			mainGroup = E910B6AE2952D91600F2F511;
			productRefGroup = E910B6B82952D91600F2F511 /* Products */;
			projectDirPath = "";
			projectRoot = "";
			targets = (
				E910B6B62952D91600F2F511 /* Inbok */,
				E910B6CC2952D91800F2F511 /* InbokTests */,
				E910B6D62952D91800F2F511 /* InbokUITests */,
			);
		};
/* End PBXProject section */

/* Begin PBXResourcesBuildPhase section */
		E910B6B52952D91600F2F511 /* Resources */ = {
			isa = PBXResourcesBuildPhase;
			buildActionMask = 2147483647;
			files = (
				E910B6C72952D91800F2F511 /* LaunchScreen.storyboard in Resources */,
				E912505B29962BA2001E2EFF /* help.png in Resources */,
				E926873029DD66AD00FE8288 /* kakao_login_large_wide.png in Resources */,
				E910B6C42952D91800F2F511 /* Assets.xcassets in Resources */,
				E910B6F52955D49900F2F511 /* SeoulHangangM.ttf in Resources */,
				E94EB843296FFC6D00150425 /* edit_document.png in Resources */,
			);
			runOnlyForDeploymentPostprocessing = 0;
		};
		E910B6CB2952D91800F2F511 /* Resources */ = {
			isa = PBXResourcesBuildPhase;
			buildActionMask = 2147483647;
			files = (
			);
			runOnlyForDeploymentPostprocessing = 0;
		};
		E910B6D52952D91800F2F511 /* Resources */ = {
			isa = PBXResourcesBuildPhase;
			buildActionMask = 2147483647;
			files = (
			);
			runOnlyForDeploymentPostprocessing = 0;
		};
/* End PBXResourcesBuildPhase section */

/* Begin PBXShellScriptBuildPhase section */
		2119CD1ABE4464DFEA1A2F2C /* [CP] Check Pods Manifest.lock */ = {
			isa = PBXShellScriptBuildPhase;
			buildActionMask = 2147483647;
			files = (
			);
			inputFileListPaths = (
			);
			inputPaths = (
				"${PODS_PODFILE_DIR_PATH}/Podfile.lock",
				"${PODS_ROOT}/Manifest.lock",
			);
			name = "[CP] Check Pods Manifest.lock";
			outputFileListPaths = (
			);
			outputPaths = (
				"$(DERIVED_FILE_DIR)/Pods-Inbok-InbokUITests-checkManifestLockResult.txt",
			);
			runOnlyForDeploymentPostprocessing = 0;
			shellPath = /bin/sh;
			shellScript = "diff \"${PODS_PODFILE_DIR_PATH}/Podfile.lock\" \"${PODS_ROOT}/Manifest.lock\" > /dev/null\nif [ $? != 0 ] ; then\n    # print error to STDERR\n    echo \"error: The sandbox is not in sync with the Podfile.lock. Run 'pod install' or update your CocoaPods installation.\" >&2\n    exit 1\nfi\n# This output is used by Xcode 'outputs' to avoid re-running this script phase.\necho \"SUCCESS\" > \"${SCRIPT_OUTPUT_FILE_0}\"\n";
			showEnvVarsInLog = 0;
		};
		A5B194C1BB225BBB5DD36837 /* [CP] Check Pods Manifest.lock */ = {
			isa = PBXShellScriptBuildPhase;
			buildActionMask = 2147483647;
			files = (
			);
			inputFileListPaths = (
			);
			inputPaths = (
				"${PODS_PODFILE_DIR_PATH}/Podfile.lock",
				"${PODS_ROOT}/Manifest.lock",
			);
			name = "[CP] Check Pods Manifest.lock";
			outputFileListPaths = (
			);
			outputPaths = (
				"$(DERIVED_FILE_DIR)/Pods-InbokTests-checkManifestLockResult.txt",
			);
			runOnlyForDeploymentPostprocessing = 0;
			shellPath = /bin/sh;
			shellScript = "diff \"${PODS_PODFILE_DIR_PATH}/Podfile.lock\" \"${PODS_ROOT}/Manifest.lock\" > /dev/null\nif [ $? != 0 ] ; then\n    # print error to STDERR\n    echo \"error: The sandbox is not in sync with the Podfile.lock. Run 'pod install' or update your CocoaPods installation.\" >&2\n    exit 1\nfi\n# This output is used by Xcode 'outputs' to avoid re-running this script phase.\necho \"SUCCESS\" > \"${SCRIPT_OUTPUT_FILE_0}\"\n";
			showEnvVarsInLog = 0;
		};
		C400214CDF521B2002CA2745 /* [CP] Embed Pods Frameworks */ = {
			isa = PBXShellScriptBuildPhase;
			buildActionMask = 2147483647;
			files = (
			);
			inputFileListPaths = (
				"${PODS_ROOT}/Target Support Files/Pods-Inbok-InbokUITests/Pods-Inbok-InbokUITests-frameworks-${CONFIGURATION}-input-files.xcfilelist",
			);
			name = "[CP] Embed Pods Frameworks";
			outputFileListPaths = (
				"${PODS_ROOT}/Target Support Files/Pods-Inbok-InbokUITests/Pods-Inbok-InbokUITests-frameworks-${CONFIGURATION}-output-files.xcfilelist",
			);
			runOnlyForDeploymentPostprocessing = 0;
			shellPath = /bin/sh;
			shellScript = "\"${PODS_ROOT}/Target Support Files/Pods-Inbok-InbokUITests/Pods-Inbok-InbokUITests-frameworks.sh\"\n";
			showEnvVarsInLog = 0;
		};
		E889210F0BFD755BA73230B3 /* [CP] Embed Pods Frameworks */ = {
			isa = PBXShellScriptBuildPhase;
			buildActionMask = 2147483647;
			files = (
			);
			inputFileListPaths = (
				"${PODS_ROOT}/Target Support Files/Pods-Inbok/Pods-Inbok-frameworks-${CONFIGURATION}-input-files.xcfilelist",
			);
			name = "[CP] Embed Pods Frameworks";
			outputFileListPaths = (
				"${PODS_ROOT}/Target Support Files/Pods-Inbok/Pods-Inbok-frameworks-${CONFIGURATION}-output-files.xcfilelist",
			);
			runOnlyForDeploymentPostprocessing = 0;
			shellPath = /bin/sh;
			shellScript = "\"${PODS_ROOT}/Target Support Files/Pods-Inbok/Pods-Inbok-frameworks.sh\"\n";
			showEnvVarsInLog = 0;
		};
		F604D8E2BFCB1F0C97C88181 /* [CP] Check Pods Manifest.lock */ = {
			isa = PBXShellScriptBuildPhase;
			buildActionMask = 2147483647;
			files = (
			);
			inputFileListPaths = (
			);
			inputPaths = (
				"${PODS_PODFILE_DIR_PATH}/Podfile.lock",
				"${PODS_ROOT}/Manifest.lock",
			);
			name = "[CP] Check Pods Manifest.lock";
			outputFileListPaths = (
			);
			outputPaths = (
				"$(DERIVED_FILE_DIR)/Pods-Inbok-checkManifestLockResult.txt",
			);
			runOnlyForDeploymentPostprocessing = 0;
			shellPath = /bin/sh;
			shellScript = "diff \"${PODS_PODFILE_DIR_PATH}/Podfile.lock\" \"${PODS_ROOT}/Manifest.lock\" > /dev/null\nif [ $? != 0 ] ; then\n    # print error to STDERR\n    echo \"error: The sandbox is not in sync with the Podfile.lock. Run 'pod install' or update your CocoaPods installation.\" >&2\n    exit 1\nfi\n# This output is used by Xcode 'outputs' to avoid re-running this script phase.\necho \"SUCCESS\" > \"${SCRIPT_OUTPUT_FILE_0}\"\n";
			showEnvVarsInLog = 0;
		};
/* End PBXShellScriptBuildPhase section */

/* Begin PBXSourcesBuildPhase section */
		E910B6B32952D91600F2F511 /* Sources */ = {
			isa = PBXSourcesBuildPhase;
			buildActionMask = 2147483647;
			files = (
				E9CAA21229A75E4C00E0827E /* TabBar_ViewController.swift in Sources */,
				E910B6F0295444DB00F2F511 /* Model.swift in Sources */,
				E910B6F32954451000F2F511 /* help_view.swift in Sources */,
				E91250572984313A001E2EFF /* help_ViewController.swift in Sources */,
				E957C48329CA26780036A30E /* talk_view.swift in Sources */,
				E910B6BB2952D91600F2F511 /* AppDelegate.swift in Sources */,
				E910B6EE295444C900F2F511 /* ViewModel.swift in Sources */,
				E912505529842FDA001E2EFF /* talk_ViewController.swift in Sources */,
				E97C4B472A2C274C0017076F /* login_ViewController.swift in Sources */,
				E910B6BD2952D91600F2F511 /* SceneDelegate.swift in Sources */,
			);
			runOnlyForDeploymentPostprocessing = 0;
		};
		E910B6C92952D91800F2F511 /* Sources */ = {
			isa = PBXSourcesBuildPhase;
			buildActionMask = 2147483647;
			files = (
				E910B6D22952D91800F2F511 /* InbokTests.swift in Sources */,
			);
			runOnlyForDeploymentPostprocessing = 0;
		};
		E910B6D32952D91800F2F511 /* Sources */ = {
			isa = PBXSourcesBuildPhase;
			buildActionMask = 2147483647;
			files = (
				E910B6DE2952D91800F2F511 /* InbokUITestsLaunchTests.swift in Sources */,
				E910B6DC2952D91800F2F511 /* InbokUITests.swift in Sources */,
			);
			runOnlyForDeploymentPostprocessing = 0;
		};
/* End PBXSourcesBuildPhase section */

/* Begin PBXTargetDependency section */
		E910B6CF2952D91800F2F511 /* PBXTargetDependency */ = {
			isa = PBXTargetDependency;
			target = E910B6B62952D91600F2F511 /* Inbok */;
			targetProxy = E910B6CE2952D91800F2F511 /* PBXContainerItemProxy */;
		};
		E910B6D92952D91800F2F511 /* PBXTargetDependency */ = {
			isa = PBXTargetDependency;
			target = E910B6B62952D91600F2F511 /* Inbok */;
			targetProxy = E910B6D82952D91800F2F511 /* PBXContainerItemProxy */;
		};
/* End PBXTargetDependency section */

/* Begin PBXVariantGroup section */
		E910B6C52952D91800F2F511 /* LaunchScreen.storyboard */ = {
			isa = PBXVariantGroup;
			children = (
				E910B6C62952D91800F2F511 /* Base */,
			);
			name = LaunchScreen.storyboard;
			sourceTree = "<group>";
		};
/* End PBXVariantGroup section */

/* Begin XCBuildConfiguration section */
		E910B6DF2952D91800F2F511 /* Debug */ = {
			isa = XCBuildConfiguration;
			buildSettings = {
				ALWAYS_SEARCH_USER_PATHS = NO;
				CLANG_ANALYZER_NONNULL = YES;
				CLANG_ANALYZER_NUMBER_OBJECT_CONVERSION = YES_AGGRESSIVE;
				CLANG_CXX_LANGUAGE_STANDARD = "gnu++20";
				CLANG_ENABLE_MODULES = YES;
				CLANG_ENABLE_OBJC_ARC = YES;
				CLANG_ENABLE_OBJC_WEAK = YES;
				CLANG_WARN_BLOCK_CAPTURE_AUTORELEASING = YES;
				CLANG_WARN_BOOL_CONVERSION = YES;
				CLANG_WARN_COMMA = YES;
				CLANG_WARN_CONSTANT_CONVERSION = YES;
				CLANG_WARN_DEPRECATED_OBJC_IMPLEMENTATIONS = YES;
				CLANG_WARN_DIRECT_OBJC_ISA_USAGE = YES_ERROR;
				CLANG_WARN_DOCUMENTATION_COMMENTS = YES;
				CLANG_WARN_EMPTY_BODY = YES;
				CLANG_WARN_ENUM_CONVERSION = YES;
				CLANG_WARN_INFINITE_RECURSION = YES;
				CLANG_WARN_INT_CONVERSION = YES;
				CLANG_WARN_NON_LITERAL_NULL_CONVERSION = YES;
				CLANG_WARN_OBJC_IMPLICIT_RETAIN_SELF = YES;
				CLANG_WARN_OBJC_LITERAL_CONVERSION = YES;
				CLANG_WARN_OBJC_ROOT_CLASS = YES_ERROR;
				CLANG_WARN_QUOTED_INCLUDE_IN_FRAMEWORK_HEADER = YES;
				CLANG_WARN_RANGE_LOOP_ANALYSIS = YES;
				CLANG_WARN_STRICT_PROTOTYPES = YES;
				CLANG_WARN_SUSPICIOUS_MOVE = YES;
				CLANG_WARN_UNGUARDED_AVAILABILITY = YES_AGGRESSIVE;
				CLANG_WARN_UNREACHABLE_CODE = YES;
				CLANG_WARN__DUPLICATE_METHOD_MATCH = YES;
				COPY_PHASE_STRIP = NO;
				DEBUG_INFORMATION_FORMAT = dwarf;
				ENABLE_STRICT_OBJC_MSGSEND = YES;
				ENABLE_TESTABILITY = YES;
				GCC_C_LANGUAGE_STANDARD = gnu11;
				GCC_DYNAMIC_NO_PIC = NO;
				GCC_NO_COMMON_BLOCKS = YES;
				GCC_OPTIMIZATION_LEVEL = 0;
				GCC_PREPROCESSOR_DEFINITIONS = (
					"DEBUG=1",
					"$(inherited)",
				);
				GCC_WARN_64_TO_32_BIT_CONVERSION = YES;
				GCC_WARN_ABOUT_RETURN_TYPE = YES_ERROR;
				GCC_WARN_UNDECLARED_SELECTOR = YES;
				GCC_WARN_UNINITIALIZED_AUTOS = YES_AGGRESSIVE;
				GCC_WARN_UNUSED_FUNCTION = YES;
				GCC_WARN_UNUSED_VARIABLE = YES;
				IPHONEOS_DEPLOYMENT_TARGET = 16.2;
				MTL_ENABLE_DEBUG_INFO = INCLUDE_SOURCE;
				MTL_FAST_MATH = YES;
				ONLY_ACTIVE_ARCH = YES;
				SDKROOT = iphoneos;
				SWIFT_ACTIVE_COMPILATION_CONDITIONS = DEBUG;
				SWIFT_OPTIMIZATION_LEVEL = "-Onone";
			};
			name = Debug;
		};
		E910B6E02952D91800F2F511 /* Release */ = {
			isa = XCBuildConfiguration;
			buildSettings = {
				ALWAYS_SEARCH_USER_PATHS = NO;
				CLANG_ANALYZER_NONNULL = YES;
				CLANG_ANALYZER_NUMBER_OBJECT_CONVERSION = YES_AGGRESSIVE;
				CLANG_CXX_LANGUAGE_STANDARD = "gnu++20";
				CLANG_ENABLE_MODULES = YES;
				CLANG_ENABLE_OBJC_ARC = YES;
				CLANG_ENABLE_OBJC_WEAK = YES;
				CLANG_WARN_BLOCK_CAPTURE_AUTORELEASING = YES;
				CLANG_WARN_BOOL_CONVERSION = YES;
				CLANG_WARN_COMMA = YES;
				CLANG_WARN_CONSTANT_CONVERSION = YES;
				CLANG_WARN_DEPRECATED_OBJC_IMPLEMENTATIONS = YES;
				CLANG_WARN_DIRECT_OBJC_ISA_USAGE = YES_ERROR;
				CLANG_WARN_DOCUMENTATION_COMMENTS = YES;
				CLANG_WARN_EMPTY_BODY = YES;
				CLANG_WARN_ENUM_CONVERSION = YES;
				CLANG_WARN_INFINITE_RECURSION = YES;
				CLANG_WARN_INT_CONVERSION = YES;
				CLANG_WARN_NON_LITERAL_NULL_CONVERSION = YES;
				CLANG_WARN_OBJC_IMPLICIT_RETAIN_SELF = YES;
				CLANG_WARN_OBJC_LITERAL_CONVERSION = YES;
				CLANG_WARN_OBJC_ROOT_CLASS = YES_ERROR;
				CLANG_WARN_QUOTED_INCLUDE_IN_FRAMEWORK_HEADER = YES;
				CLANG_WARN_RANGE_LOOP_ANALYSIS = YES;
				CLANG_WARN_STRICT_PROTOTYPES = YES;
				CLANG_WARN_SUSPICIOUS_MOVE = YES;
				CLANG_WARN_UNGUARDED_AVAILABILITY = YES_AGGRESSIVE;
				CLANG_WARN_UNREACHABLE_CODE = YES;
				CLANG_WARN__DUPLICATE_METHOD_MATCH = YES;
				COPY_PHASE_STRIP = NO;
				DEBUG_INFORMATION_FORMAT = "dwarf-with-dsym";
				ENABLE_NS_ASSERTIONS = NO;
				ENABLE_STRICT_OBJC_MSGSEND = YES;
				GCC_C_LANGUAGE_STANDARD = gnu11;
				GCC_NO_COMMON_BLOCKS = YES;
				GCC_WARN_64_TO_32_BIT_CONVERSION = YES;
				GCC_WARN_ABOUT_RETURN_TYPE = YES_ERROR;
				GCC_WARN_UNDECLARED_SELECTOR = YES;
				GCC_WARN_UNINITIALIZED_AUTOS = YES_AGGRESSIVE;
				GCC_WARN_UNUSED_FUNCTION = YES;
				GCC_WARN_UNUSED_VARIABLE = YES;
				IPHONEOS_DEPLOYMENT_TARGET = 16.2;
				MTL_ENABLE_DEBUG_INFO = NO;
				MTL_FAST_MATH = YES;
				SDKROOT = iphoneos;
				SWIFT_COMPILATION_MODE = wholemodule;
				SWIFT_OPTIMIZATION_LEVEL = "-O";
				VALIDATE_PRODUCT = YES;
			};
			name = Release;
		};
		E910B6E22952D91800F2F511 /* Debug */ = {
			isa = XCBuildConfiguration;
			baseConfigurationReference = 66D5B780694398317DB3670B /* Pods-Inbok.debug.xcconfig */;
			buildSettings = {
				ASSETCATALOG_COMPILER_APPICON_NAME = AppIcon;
				ASSETCATALOG_COMPILER_GLOBAL_ACCENT_COLOR_NAME = AccentColor;
				CODE_SIGN_STYLE = Automatic;
				CURRENT_PROJECT_VERSION = 1;
				DEVELOPMENT_TEAM = 95366L65VG;
				GENERATE_INFOPLIST_FILE = YES;
				INFOPLIST_FILE = Inbok/Info.plist;
				INFOPLIST_KEY_UIApplicationSupportsIndirectInputEvents = YES;
				INFOPLIST_KEY_UILaunchStoryboardName = LaunchScreen;
				INFOPLIST_KEY_UISupportedInterfaceOrientations_iPad = "UIInterfaceOrientationPortrait UIInterfaceOrientationPortraitUpsideDown UIInterfaceOrientationLandscapeLeft UIInterfaceOrientationLandscapeRight";
				INFOPLIST_KEY_UISupportedInterfaceOrientations_iPhone = "UIInterfaceOrientationPortrait UIInterfaceOrientationLandscapeLeft UIInterfaceOrientationLandscapeRight";
				IPHONEOS_DEPLOYMENT_TARGET = 15.5;
				LD_RUNPATH_SEARCH_PATHS = (
					"$(inherited)",
					"@executable_path/Frameworks",
				);
				MARKETING_VERSION = 1.0;
				PRODUCT_BUNDLE_IDENTIFIER = mizisu.Inbok;
				PRODUCT_NAME = "$(TARGET_NAME)";
				SWIFT_EMIT_LOC_STRINGS = YES;
				SWIFT_VERSION = 5.0;
				TARGETED_DEVICE_FAMILY = "1,2";
			};
			name = Debug;
		};
		E910B6E32952D91800F2F511 /* Release */ = {
			isa = XCBuildConfiguration;
			baseConfigurationReference = C120BDD16DEC62A38CEE38D3 /* Pods-Inbok.release.xcconfig */;
			buildSettings = {
				ASSETCATALOG_COMPILER_APPICON_NAME = AppIcon;
				ASSETCATALOG_COMPILER_GLOBAL_ACCENT_COLOR_NAME = AccentColor;
				CODE_SIGN_STYLE = Automatic;
				CURRENT_PROJECT_VERSION = 1;
				DEVELOPMENT_TEAM = 95366L65VG;
				GENERATE_INFOPLIST_FILE = YES;
				INFOPLIST_FILE = Inbok/Info.plist;
				INFOPLIST_KEY_UIApplicationSupportsIndirectInputEvents = YES;
				INFOPLIST_KEY_UILaunchStoryboardName = LaunchScreen;
				INFOPLIST_KEY_UISupportedInterfaceOrientations_iPad = "UIInterfaceOrientationPortrait UIInterfaceOrientationPortraitUpsideDown UIInterfaceOrientationLandscapeLeft UIInterfaceOrientationLandscapeRight";
				INFOPLIST_KEY_UISupportedInterfaceOrientations_iPhone = "UIInterfaceOrientationPortrait UIInterfaceOrientationLandscapeLeft UIInterfaceOrientationLandscapeRight";
				IPHONEOS_DEPLOYMENT_TARGET = 15.5;
				LD_RUNPATH_SEARCH_PATHS = (
					"$(inherited)",
					"@executable_path/Frameworks",
				);
				MARKETING_VERSION = 1.0;
				PRODUCT_BUNDLE_IDENTIFIER = mizisu.Inbok;
				PRODUCT_NAME = "$(TARGET_NAME)";
				SWIFT_EMIT_LOC_STRINGS = YES;
				SWIFT_VERSION = 5.0;
				TARGETED_DEVICE_FAMILY = "1,2";
			};
			name = Release;
		};
		E910B6E52952D91800F2F511 /* Debug */ = {
			isa = XCBuildConfiguration;
			baseConfigurationReference = D19A7F06E6067A7BF74E5CA0 /* Pods-InbokTests.debug.xcconfig */;
			buildSettings = {
				ALWAYS_EMBED_SWIFT_STANDARD_LIBRARIES = YES;
				BUNDLE_LOADER = "$(TEST_HOST)";
				CODE_SIGN_STYLE = Automatic;
				CURRENT_PROJECT_VERSION = 1;
				DEVELOPMENT_TEAM = 95366L65VG;
				GENERATE_INFOPLIST_FILE = YES;
				IPHONEOS_DEPLOYMENT_TARGET = 16.2;
				MARKETING_VERSION = 1.0;
				PRODUCT_BUNDLE_IDENTIFIER = mizisu.InbokTests;
				PRODUCT_NAME = "$(TARGET_NAME)";
				SWIFT_EMIT_LOC_STRINGS = NO;
				SWIFT_VERSION = 5.0;
				TARGETED_DEVICE_FAMILY = "1,2";
				TEST_HOST = "$(BUILT_PRODUCTS_DIR)/Inbok.app/$(BUNDLE_EXECUTABLE_FOLDER_PATH)/Inbok";
			};
			name = Debug;
		};
		E910B6E62952D91800F2F511 /* Release */ = {
			isa = XCBuildConfiguration;
			baseConfigurationReference = 02B1736C194D962D3E1EA2AE /* Pods-InbokTests.release.xcconfig */;
			buildSettings = {
				ALWAYS_EMBED_SWIFT_STANDARD_LIBRARIES = YES;
				BUNDLE_LOADER = "$(TEST_HOST)";
				CODE_SIGN_STYLE = Automatic;
				CURRENT_PROJECT_VERSION = 1;
				DEVELOPMENT_TEAM = 95366L65VG;
				GENERATE_INFOPLIST_FILE = YES;
				IPHONEOS_DEPLOYMENT_TARGET = 16.2;
				MARKETING_VERSION = 1.0;
				PRODUCT_BUNDLE_IDENTIFIER = mizisu.InbokTests;
				PRODUCT_NAME = "$(TARGET_NAME)";
				SWIFT_EMIT_LOC_STRINGS = NO;
				SWIFT_VERSION = 5.0;
				TARGETED_DEVICE_FAMILY = "1,2";
				TEST_HOST = "$(BUILT_PRODUCTS_DIR)/Inbok.app/$(BUNDLE_EXECUTABLE_FOLDER_PATH)/Inbok";
			};
			name = Release;
		};
		E910B6E82952D91800F2F511 /* Debug */ = {
			isa = XCBuildConfiguration;
			baseConfigurationReference = F29AE3347A7F73350E5F169A /* Pods-Inbok-InbokUITests.debug.xcconfig */;
			buildSettings = {
				ALWAYS_EMBED_SWIFT_STANDARD_LIBRARIES = YES;
				CODE_SIGN_STYLE = Automatic;
				CURRENT_PROJECT_VERSION = 1;
				DEVELOPMENT_TEAM = 95366L65VG;
				GENERATE_INFOPLIST_FILE = YES;
				MARKETING_VERSION = 1.0;
				PRODUCT_BUNDLE_IDENTIFIER = mizisu.InbokUITests;
				PRODUCT_NAME = "$(TARGET_NAME)";
				SWIFT_EMIT_LOC_STRINGS = NO;
				SWIFT_VERSION = 5.0;
				TARGETED_DEVICE_FAMILY = "1,2";
				TEST_TARGET_NAME = Inbok;
			};
			name = Debug;
		};
		E910B6E92952D91800F2F511 /* Release */ = {
			isa = XCBuildConfiguration;
			baseConfigurationReference = 42BA768749AFF81C58C91354 /* Pods-Inbok-InbokUITests.release.xcconfig */;
			buildSettings = {
				ALWAYS_EMBED_SWIFT_STANDARD_LIBRARIES = YES;
				CODE_SIGN_STYLE = Automatic;
				CURRENT_PROJECT_VERSION = 1;
				DEVELOPMENT_TEAM = 95366L65VG;
				GENERATE_INFOPLIST_FILE = YES;
				MARKETING_VERSION = 1.0;
				PRODUCT_BUNDLE_IDENTIFIER = mizisu.InbokUITests;
				PRODUCT_NAME = "$(TARGET_NAME)";
				SWIFT_EMIT_LOC_STRINGS = NO;
				SWIFT_VERSION = 5.0;
				TARGETED_DEVICE_FAMILY = "1,2";
				TEST_TARGET_NAME = Inbok;
			};
			name = Release;
		};
/* End XCBuildConfiguration section */

/* Begin XCConfigurationList section */
		E910B6B22952D91600F2F511 /* Build configuration list for PBXProject "Inbok" */ = {
			isa = XCConfigurationList;
			buildConfigurations = (
				E910B6DF2952D91800F2F511 /* Debug */,
				E910B6E02952D91800F2F511 /* Release */,
			);
			defaultConfigurationIsVisible = 0;
			defaultConfigurationName = Release;
		};
		E910B6E12952D91800F2F511 /* Build configuration list for PBXNativeTarget "Inbok" */ = {
			isa = XCConfigurationList;
			buildConfigurations = (
				E910B6E22952D91800F2F511 /* Debug */,
				E910B6E32952D91800F2F511 /* Release */,
			);
			defaultConfigurationIsVisible = 0;
			defaultConfigurationName = Release;
		};
		E910B6E42952D91800F2F511 /* Build configuration list for PBXNativeTarget "InbokTests" */ = {
			isa = XCConfigurationList;
			buildConfigurations = (
				E910B6E52952D91800F2F511 /* Debug */,
				E910B6E62952D91800F2F511 /* Release */,
			);
			defaultConfigurationIsVisible = 0;
			defaultConfigurationName = Release;
		};
		E910B6E72952D91800F2F511 /* Build configuration list for PBXNativeTarget "InbokUITests" */ = {
			isa = XCConfigurationList;
			buildConfigurations = (
				E910B6E82952D91800F2F511 /* Debug */,
				E910B6E92952D91800F2F511 /* Release */,
			);
			defaultConfigurationIsVisible = 0;
			defaultConfigurationName = Release;
		};
/* End XCConfigurationList section */
	};
	rootObject = E910B6AF2952D91600F2F511 /* Project object */;
}
